
Microsoft Visual Studio Solution File, Format Version 12.00
# Visual Studio Version 17
VisualStudioVersion = 17.5.002.0
MinimumVisualStudioVersion = 10.0.40219.1
Project("{9A19103F-16F7-4668-BE54-9A1E7A4F7556}") = "interfaceabstractclass", "interfaceabstractclass.csproj", "{25C5568B-4690-4240-95F6-37A031A55FA0}"
EndProject
Global
	GlobalSection(SolutionConfigurationPlatforms) = preSolution
		Debug|Any CPU = Debug|Any CPU
		Release|Any CPU = Release|Any CPU
	EndGlobalSection
	GlobalSection(ProjectConfigurationPlatforms) = postSolution
		{25C5568B-4690-4240-95F6-37A031A55FA0}.Debug|Any CPU.ActiveCfg = Debug|Any CPU
		{25C5568B-4690-4240-95F6-37A031A55FA0}.Debug|Any CPU.Build.0 = Debug|Any CPU
		{25C5568B-4690-4240-95F6-37A031A55FA0}.Release|Any CPU.ActiveCfg = Release|Any CPU
		{25C5568B-4690-4240-95F6-37A031A55FA0}.Release|Any CPU.Build.0 = Release|Any CPU
	EndGlobalSection
	GlobalSection(SolutionProperties) = preSolution
		HideSolutionNode = FALSE
	EndGlobalSection
	GlobalSection(ExtensibilityGlobals) = postSolution
		SolutionGuid = {EBE7353C-C7CD-48AB-9FED-F844F6CE2C73}
	EndGlobalSection
EndGlobal
